
Microsoft Visual Studio Solution File, Format Version 12.00
# Visual Studio Version 17
VisualStudioVersion = 17.12.35527.113
MinimumVisualStudioVersion = 10.0.40219.1
Project("{FAE04EC0-301F-11D3-BF4B-00C04F79EFBC}") = "01-NoTimeForATaxicab", "01-NoTimeForATaxicab\01-NoTimeForATaxicab.csproj", "{73818E45-C0B2-4D71-936A-047BD8206B47}"
EndProject
Project("{FAE04EC0-301F-11D3-BF4B-00C04F79EFBC}") = "02-Bathroom_Security", "02-Bathroom_Security\02-Bathroom_Security.csproj", "{852BB7F6-ECA4-46E4-9528-2858AA15C31F}"
EndProject
Project("{FAE04EC0-301F-11D3-BF4B-00C04F79EFBC}") = "03-Squares_With_Three_Sides", "03-Squares_With_Three_Sides\03-Squares_With_Three_Sides.csproj", "{54F2DB5D-DE56-487F-B732-C06D84221A05}"
EndProject
Project("{FAE04EC0-301F-11D3-BF4B-00C04F79EFBC}") = "04-Security_Through_Obscurity", "04-Security_Through_Obscurity\04-Security_Through_Obscurity.csproj", "{CFCB0B98-2D2E-443B-9943-6516AEB42057}"
EndProject
Project("{FAE04EC0-301F-11D3-BF4B-00C04F79EFBC}") = "05-How_About_a_Nice_Game_of_Chess", "05-How_About_a_Nice_Game_of_Chess\05-How_About_a_Nice_Game_of_Chess.csproj", "{8157EDDF-758F-4A8B-9315-D35CE03F00F8}"
EndProject
Global
	GlobalSection(SolutionConfigurationPlatforms) = preSolution
		Debug|Any CPU = Debug|Any CPU
		Release|Any CPU = Release|Any CPU
	EndGlobalSection
	GlobalSection(ProjectConfigurationPlatforms) = postSolution
		{73818E45-C0B2-4D71-936A-047BD8206B47}.Debug|Any CPU.ActiveCfg = Debug|Any CPU
		{73818E45-C0B2-4D71-936A-047BD8206B47}.Debug|Any CPU.Build.0 = Debug|Any CPU
		{73818E45-C0B2-4D71-936A-047BD8206B47}.Release|Any CPU.ActiveCfg = Release|Any CPU
		{73818E45-C0B2-4D71-936A-047BD8206B47}.Release|Any CPU.Build.0 = Release|Any CPU
		{852BB7F6-ECA4-46E4-9528-2858AA15C31F}.Debug|Any CPU.ActiveCfg = Debug|Any CPU
		{852BB7F6-ECA4-46E4-9528-2858AA15C31F}.Debug|Any CPU.Build.0 = Debug|Any CPU
		{852BB7F6-ECA4-46E4-9528-2858AA15C31F}.Release|Any CPU.ActiveCfg = Release|Any CPU
		{852BB7F6-ECA4-46E4-9528-2858AA15C31F}.Release|Any CPU.Build.0 = Release|Any CPU
		{54F2DB5D-DE56-487F-B732-C06D84221A05}.Debug|Any CPU.ActiveCfg = Debug|Any CPU
		{54F2DB5D-DE56-487F-B732-C06D84221A05}.Debug|Any CPU.Build.0 = Debug|Any CPU
		{54F2DB5D-DE56-487F-B732-C06D84221A05}.Release|Any CPU.ActiveCfg = Release|Any CPU
		{54F2DB5D-DE56-487F-B732-C06D84221A05}.Release|Any CPU.Build.0 = Release|Any CPU
		{CFCB0B98-2D2E-443B-9943-6516AEB42057}.Debug|Any CPU.ActiveCfg = Debug|Any CPU
		{CFCB0B98-2D2E-443B-9943-6516AEB42057}.Debug|Any CPU.Build.0 = Debug|Any CPU
		{CFCB0B98-2D2E-443B-9943-6516AEB42057}.Release|Any CPU.ActiveCfg = Release|Any CPU
		{CFCB0B98-2D2E-443B-9943-6516AEB42057}.Release|Any CPU.Build.0 = Release|Any CPU
		{8157EDDF-758F-4A8B-9315-D35CE03F00F8}.Debug|Any CPU.ActiveCfg = Debug|Any CPU
		{8157EDDF-758F-4A8B-9315-D35CE03F00F8}.Debug|Any CPU.Build.0 = Debug|Any CPU
		{8157EDDF-758F-4A8B-9315-D35CE03F00F8}.Release|Any CPU.ActiveCfg = Release|Any CPU
		{8157EDDF-758F-4A8B-9315-D35CE03F00F8}.Release|Any CPU.Build.0 = Release|Any CPU
	EndGlobalSection
	GlobalSection(SolutionProperties) = preSolution
		HideSolutionNode = FALSE
	EndGlobalSection
EndGlobal
